
Microsoft Visual Studio Solution File, Format Version 12.00
# Visual Studio Version 17
VisualStudioVersion = 17.11.35327.3
MinimumVisualStudioVersion = 10.0.40219.1
Project("{8BC9CEB8-8B4A-11D0-8D11-00A0C91BC942}") = "App", "App\App.vcxproj", "{A06DD3C8-5CDB-41E9-921B-6C5A63FC775C}"
	ProjectSection(ProjectDependencies) = postProject
		{3DF28408-2575-447E-A619-CE5F0D022B78} = {3DF28408-2575-447E-A619-CE5F0D022B78}
		{785EF227-5652-47A0-A4D8-EBB7F772FFD8} = {785EF227-5652-47A0-A4D8-EBB7F772FFD8}
		{CECD303A-95E7-4042-BBB0-1C4C07E34AAD} = {CECD303A-95E7-4042-BBB0-1C4C07E34AAD}
		{CF4AD74C-B407-4030-8C99-98CFA28C6266} = {CF4AD74C-B407-4030-8C99-98CFA28C6266}
	EndProjectSection
EndProject
Project("{8BC9CEB8-8B4A-11D0-8D11-00A0C91BC942}") = "EngineBase", "EngineBase\EngineBase.vcxproj", "{CECD303A-95E7-4042-BBB0-1C4C07E34AAD}"
EndProject
Project("{2150E333-8FDC-42A3-9474-1A3956D46DE8}") = "Level0", "Level0", "{F4B4C473-40A1-47A5-9EF1-31D14DC8EC2E}"
EndProject
Project("{2150E333-8FDC-42A3-9474-1A3956D46DE8}") = "Level4", "Level4", "{54571A89-EBB3-4343-8C95-BD4C64BFCC36}"
EndProject
Project("{2150E333-8FDC-42A3-9474-1A3956D46DE8}") = "Level1", "Level1", "{3A365E34-4E2E-493A-9C79-440B82B838D9}"
EndProject
Project("{2150E333-8FDC-42A3-9474-1A3956D46DE8}") = "Level3", "Level3", "{B0D63B21-7975-460B-AFAA-247202F98393}"
EndProject
Project("{2150E333-8FDC-42A3-9474-1A3956D46DE8}") = "Level2", "Level2", "{BC062E22-B4B5-4F2B-9DE3-E5D2FBA7C160}"
EndProject
Project("{8BC9CEB8-8B4A-11D0-8D11-00A0C91BC942}") = "EnginePlatform", "EnginePlatform\EnginePlatform.vcxproj", "{3DF28408-2575-447E-A619-CE5F0D022B78}"
	ProjectSection(ProjectDependencies) = postProject
		{CECD303A-95E7-4042-BBB0-1C4C07E34AAD} = {CECD303A-95E7-4042-BBB0-1C4C07E34AAD}
	EndProjectSection
EndProject
Project("{8BC9CEB8-8B4A-11D0-8D11-00A0C91BC942}") = "EngineCore", "EngineCore\EngineCore.vcxproj", "{CF4AD74C-B407-4030-8C99-98CFA28C6266}"
	ProjectSection(ProjectDependencies) = postProject
		{3DF28408-2575-447E-A619-CE5F0D022B78} = {3DF28408-2575-447E-A619-CE5F0D022B78}
		{CECD303A-95E7-4042-BBB0-1C4C07E34AAD} = {CECD303A-95E7-4042-BBB0-1C4C07E34AAD}
	EndProjectSection
EndProject
Project("{8BC9CEB8-8B4A-11D0-8D11-00A0C91BC942}") = "EngineShader", "EngineShader\EngineShader.vcxproj", "{C7A1AE3C-D105-4096-9A57-01E32C123E7A}"
EndProject
Project("{8BC9CEB8-8B4A-11D0-8D11-00A0C91BC942}") = "NoUmbrellasAllowed", "NoUmbrellasAllowed\NoUmbrellasAllowed.vcxproj", "{785EF227-5652-47A0-A4D8-EBB7F772FFD8}"
	ProjectSection(ProjectDependencies) = postProject
		{3DF28408-2575-447E-A619-CE5F0D022B78} = {3DF28408-2575-447E-A619-CE5F0D022B78}
		{CECD303A-95E7-4042-BBB0-1C4C07E34AAD} = {CECD303A-95E7-4042-BBB0-1C4C07E34AAD}
		{CF4AD74C-B407-4030-8C99-98CFA28C6266} = {CF4AD74C-B407-4030-8C99-98CFA28C6266}
	EndProjectSection
EndProject
Global
	GlobalSection(SolutionConfigurationPlatforms) = preSolution
		Debug|x64 = Debug|x64
		Debug|x86 = Debug|x86
		Release|x64 = Release|x64
		Release|x86 = Release|x86
	EndGlobalSection
	GlobalSection(ProjectConfigurationPlatforms) = postSolution
		{A06DD3C8-5CDB-41E9-921B-6C5A63FC775C}.Debug|x64.ActiveCfg = Debug|x64
		{A06DD3C8-5CDB-41E9-921B-6C5A63FC775C}.Debug|x64.Build.0 = Debug|x64
		{A06DD3C8-5CDB-41E9-921B-6C5A63FC775C}.Debug|x86.ActiveCfg = Debug|Win32
		{A06DD3C8-5CDB-41E9-921B-6C5A63FC775C}.Debug|x86.Build.0 = Debug|Win32
		{A06DD3C8-5CDB-41E9-921B-6C5A63FC775C}.Release|x64.ActiveCfg = Release|x64
		{A06DD3C8-5CDB-41E9-921B-6C5A63FC775C}.Release|x64.Build.0 = Release|x64
		{A06DD3C8-5CDB-41E9-921B-6C5A63FC775C}.Release|x86.ActiveCfg = Release|Win32
		{A06DD3C8-5CDB-41E9-921B-6C5A63FC775C}.Release|x86.Build.0 = Release|Win32
		{CECD303A-95E7-4042-BBB0-1C4C07E34AAD}.Debug|x64.ActiveCfg = Debug|x64
		{CECD303A-95E7-4042-BBB0-1C4C07E34AAD}.Debug|x64.Build.0 = Debug|x64
		{CECD303A-95E7-4042-BBB0-1C4C07E34AAD}.Debug|x86.ActiveCfg = Debug|Win32
		{CECD303A-95E7-4042-BBB0-1C4C07E34AAD}.Debug|x86.Build.0 = Debug|Win32
		{CECD303A-95E7-4042-BBB0-1C4C07E34AAD}.Release|x64.ActiveCfg = Release|x64
		{CECD303A-95E7-4042-BBB0-1C4C07E34AAD}.Release|x64.Build.0 = Release|x64
		{CECD303A-95E7-4042-BBB0-1C4C07E34AAD}.Release|x86.ActiveCfg = Release|Win32
		{CECD303A-95E7-4042-BBB0-1C4C07E34AAD}.Release|x86.Build.0 = Release|Win32
		{3DF28408-2575-447E-A619-CE5F0D022B78}.Debug|x64.ActiveCfg = Debug|x64
		{3DF28408-2575-447E-A619-CE5F0D022B78}.Debug|x64.Build.0 = Debug|x64
		{3DF28408-2575-447E-A619-CE5F0D022B78}.Debug|x86.ActiveCfg = Debug|Win32
		{3DF28408-2575-447E-A619-CE5F0D022B78}.Debug|x86.Build.0 = Debug|Win32
		{3DF28408-2575-447E-A619-CE5F0D022B78}.Release|x64.ActiveCfg = Release|x64
		{3DF28408-2575-447E-A619-CE5F0D022B78}.Release|x64.Build.0 = Release|x64
		{3DF28408-2575-447E-A619-CE5F0D022B78}.Release|x86.ActiveCfg = Release|Win32
		{3DF28408-2575-447E-A619-CE5F0D022B78}.Release|x86.Build.0 = Release|Win32
		{CF4AD74C-B407-4030-8C99-98CFA28C6266}.Debug|x64.ActiveCfg = Debug|x64
		{CF4AD74C-B407-4030-8C99-98CFA28C6266}.Debug|x64.Build.0 = Debug|x64
		{CF4AD74C-B407-4030-8C99-98CFA28C6266}.Debug|x86.ActiveCfg = Debug|Win32
		{CF4AD74C-B407-4030-8C99-98CFA28C6266}.Debug|x86.Build.0 = Debug|Win32
		{CF4AD74C-B407-4030-8C99-98CFA28C6266}.Release|x64.ActiveCfg = Release|x64
		{CF4AD74C-B407-4030-8C99-98CFA28C6266}.Release|x64.Build.0 = Release|x64
		{CF4AD74C-B407-4030-8C99-98CFA28C6266}.Release|x86.ActiveCfg = Release|Win32
		{CF4AD74C-B407-4030-8C99-98CFA28C6266}.Release|x86.Build.0 = Release|Win32
		{C7A1AE3C-D105-4096-9A57-01E32C123E7A}.Debug|x64.ActiveCfg = Debug|x64
		{C7A1AE3C-D105-4096-9A57-01E32C123E7A}.Debug|x64.Build.0 = Debug|x64
		{C7A1AE3C-D105-4096-9A57-01E32C123E7A}.Debug|x86.ActiveCfg = Debug|Win32
		{C7A1AE3C-D105-4096-9A57-01E32C123E7A}.Debug|x86.Build.0 = Debug|Win32
		{C7A1AE3C-D105-4096-9A57-01E32C123E7A}.Release|x64.ActiveCfg = Release|x64
		{C7A1AE3C-D105-4096-9A57-01E32C123E7A}.Release|x64.Build.0 = Release|x64
		{C7A1AE3C-D105-4096-9A57-01E32C123E7A}.Release|x86.ActiveCfg = Release|Win32
		{C7A1AE3C-D105-4096-9A57-01E32C123E7A}.Release|x86.Build.0 = Release|Win32
		{785EF227-5652-47A0-A4D8-EBB7F772FFD8}.Debug|x64.ActiveCfg = Debug|x64
		{785EF227-5652-47A0-A4D8-EBB7F772FFD8}.Debug|x64.Build.0 = Debug|x64
		{785EF227-5652-47A0-A4D8-EBB7F772FFD8}.Debug|x86.ActiveCfg = Debug|Win32
		{785EF227-5652-47A0-A4D8-EBB7F772FFD8}.Debug|x86.Build.0 = Debug|Win32
		{785EF227-5652-47A0-A4D8-EBB7F772FFD8}.Release|x64.ActiveCfg = Release|x64
		{785EF227-5652-47A0-A4D8-EBB7F772FFD8}.Release|x64.Build.0 = Release|x64
		{785EF227-5652-47A0-A4D8-EBB7F772FFD8}.Release|x86.ActiveCfg = Release|Win32
		{785EF227-5652-47A0-A4D8-EBB7F772FFD8}.Release|x86.Build.0 = Release|Win32
	EndGlobalSection
	GlobalSection(SolutionProperties) = preSolution
		HideSolutionNode = FALSE
	EndGlobalSection
	GlobalSection(NestedProjects) = preSolution
		{A06DD3C8-5CDB-41E9-921B-6C5A63FC775C} = {54571A89-EBB3-4343-8C95-BD4C64BFCC36}
		{CECD303A-95E7-4042-BBB0-1C4C07E34AAD} = {F4B4C473-40A1-47A5-9EF1-31D14DC8EC2E}
		{3DF28408-2575-447E-A619-CE5F0D022B78} = {3A365E34-4E2E-493A-9C79-440B82B838D9}
		{CF4AD74C-B407-4030-8C99-98CFA28C6266} = {BC062E22-B4B5-4F2B-9DE3-E5D2FBA7C160}
		{C7A1AE3C-D105-4096-9A57-01E32C123E7A} = {BC062E22-B4B5-4F2B-9DE3-E5D2FBA7C160}
		{785EF227-5652-47A0-A4D8-EBB7F772FFD8} = {B0D63B21-7975-460B-AFAA-247202F98393}
	EndGlobalSection
	GlobalSection(ExtensibilityGlobals) = postSolution
		SolutionGuid = {75EFF377-3826-4442-A51B-63263BABCAD2}
	EndGlobalSection
EndGlobal
