<?xml version="1.0" encoding="utf-8"?>
<Project ToolsVersion="4.0" xmlns="http://schemas.microsoft.com/developer/msbuild/2003">
  <ItemGroup>
    <ClInclude Include="EngineCore.h" />
    <ClInclude Include="PreCompile.h" />
    <ClInclude Include="IContentsCore.h">
      <Filter>Interface</Filter>
    </ClInclude>
    <ClInclude Include="ActorComponent.h">
      <Filter>Object\Component</Filter>
    </ClInclude>
    <ClInclude Include="SceneComponent.h">
      <Filter>Object\Component</Filter>
    </ClInclude>
    <ClInclude Include="GameMode.h">
      <Filter>Object\Actor</Filter>
    </ClInclude>
    <ClInclude Include="Pawn.h">
      <Filter>Object\Actor</Filter>
    </ClInclude>
    <ClInclude Include="Actor.h">
      <Filter>Object</Filter>
    </ClInclude>
    <ClInclude Include="Level.h">
      <Filter>Object</Filter>
    </ClInclude>
  </ItemGroup>
  <ItemGroup>
    <ClCompile Include="EngineCore.cpp" />
    <ClCompile Include="PreCompile.cpp" />
    <ClCompile Include="ActorComponent.cpp">
      <Filter>Object\Component</Filter>
    </ClCompile>
    <ClCompile Include="SceneComponent.cpp">
      <Filter>Object\Component</Filter>
    </ClCompile>
    <ClCompile Include="GameMode.cpp">
      <Filter>Object\Actor</Filter>
    </ClCompile>
    <ClCompile Include="Pawn.cpp">
      <Filter>Object\Actor</Filter>
    </ClCompile>
    <ClCompile Include="Actor.cpp">
      <Filter>Object</Filter>
    </ClCompile>
    <ClCompile Include="Level.cpp">
      <Filter>Object</Filter>
    </ClCompile>
  </ItemGroup>
  <ItemGroup>
    <Filter Include="Interface">
      <UniqueIdentifier>{90f16011-9f80-4109-b8a9-54227f7bb80a}</UniqueIdentifier>
    </Filter>
    <Filter Include="Object">
      <UniqueIdentifier>{9f53b8fb-54b7-4b83-b22d-54d0b508b5e9}</UniqueIdentifier>
    </Filter>
    <Filter Include="Object\Actor">
      <UniqueIdentifier>{07ba6f8d-d795-457e-8e7f-32317ef51a99}</UniqueIdentifier>
    </Filter>
    <Filter Include="Object\Component">
      <UniqueIdentifier>{c8afd55a-cc2b-4b59-83f0-0e990a3c4e47}</UniqueIdentifier>
    </Filter>
  </ItemGroup>
</Project>