<?xml version="1.0" encoding="utf-8"?>
<Project ToolsVersion="4.0" xmlns="http://schemas.microsoft.com/developer/msbuild/2003">
  <ItemGroup>
    <ClCompile Include="TitleGameMode.cpp">
      <Filter>GameMode</Filter>
    </ClCompile>
    <ClCompile Include="PreCompile.cpp">
      <Filter>PreCompile</Filter>
    </ClCompile>
    <ClCompile Include="ShopGameMode.cpp">
      <Filter>GameMode</Filter>
    </ClCompile>
    <ClCompile Include="Cursor.cpp">
      <Filter>Global</Filter>
    </ClCompile>
    <ClCompile Include="Bob.cpp">
      <Filter>Global</Filter>
    </ClCompile>
    <ClCompile Include="UI.cpp">
      <Filter>Global</Filter>
    </ClCompile>
    <ClCompile Include="Customer.cpp">
      <Filter>Shop</Filter>
    </ClCompile>
    <ClCompile Include="CalculatorButton.cpp">
      <Filter>Shop\Calculator</Filter>
    </ClCompile>
    <ClCompile Include="Calculator.cpp">
      <Filter>Shop\Calculator</Filter>
    </ClCompile>
    <ClCompile Include="ItemShelf.cpp">
      <Filter>Shop\Tools</Filter>
    </ClCompile>
    <ClCompile Include="ContentsCore.cpp">
      <Filter>Core</Filter>
    </ClCompile>
    <ClCompile Include="Logo.cpp">
      <Filter>Title</Filter>
    </ClCompile>
    <ClCompile Include="Tools.cpp">
      <Filter>Shop\Tools</Filter>
    </ClCompile>
    <ClCompile Include="SelectedTool.cpp">
      <Filter>Shop\Tools</Filter>
    </ClCompile>
    <ClCompile Include="Merchandise.cpp">
      <Filter>Shop\Merchandise</Filter>
    </ClCompile>
    <ClCompile Include="CardSlot.cpp">
      <Filter>Shop\Merchandise</Filter>
    </ClCompile>
  </ItemGroup>
  <ItemGroup>
    <ClInclude Include="TitleGameMode.h">
      <Filter>GameMode</Filter>
    </ClInclude>
    <ClInclude Include="PreCompile.h">
      <Filter>PreCompile</Filter>
    </ClInclude>
    <ClInclude Include="ShopGameMode.h">
      <Filter>GameMode</Filter>
    </ClInclude>
    <ClInclude Include="Cursor.h">
      <Filter>Global</Filter>
    </ClInclude>
    <ClInclude Include="Bob.h">
      <Filter>Global</Filter>
    </ClInclude>
    <ClInclude Include="UI.h">
      <Filter>Global</Filter>
    </ClInclude>
    <ClInclude Include="Customer.h">
      <Filter>Shop</Filter>
    </ClInclude>
    <ClInclude Include="CalculatorButton.h">
      <Filter>Shop\Calculator</Filter>
    </ClInclude>
    <ClInclude Include="Calculator.h">
      <Filter>Shop\Calculator</Filter>
    </ClInclude>
    <ClInclude Include="ItemShelf.h">
      <Filter>Shop\Tools</Filter>
    </ClInclude>
    <ClInclude Include="ContentsCore.h">
      <Filter>Core</Filter>
    </ClInclude>
    <ClInclude Include="Logo.h">
      <Filter>Title</Filter>
    </ClInclude>
    <ClInclude Include="Tools.h">
      <Filter>Shop\Tools</Filter>
    </ClInclude>
    <ClInclude Include="SelectedTool.h">
      <Filter>Shop\Tools</Filter>
    </ClInclude>
    <ClInclude Include="Merchandise.h">
      <Filter>Shop\Merchandise</Filter>
    </ClInclude>
    <ClInclude Include="CardSlot.h">
      <Filter>Shop\Merchandise</Filter>
    </ClInclude>
  </ItemGroup>
  <ItemGroup>
    <Filter Include="GameMode">
      <UniqueIdentifier>{a9afe123-88f0-4a9d-aa54-14a219691500}</UniqueIdentifier>
    </Filter>
    <Filter Include="PreCompile">
      <UniqueIdentifier>{b33e8f89-8865-45a0-862d-54bad21b7666}</UniqueIdentifier>
    </Filter>
    <Filter Include="Global">
      <UniqueIdentifier>{16754af6-102f-4850-ad63-fb00b697efaf}</UniqueIdentifier>
    </Filter>
    <Filter Include="Shop">
      <UniqueIdentifier>{5faf8ea2-b35a-4e05-8835-89e9442a1213}</UniqueIdentifier>
    </Filter>
    <Filter Include="Shop\Calculator">
      <UniqueIdentifier>{0906e724-4532-4bfe-aa05-4fb3e97c784c}</UniqueIdentifier>
    </Filter>
    <Filter Include="Shop\Tools">
      <UniqueIdentifier>{98327bd7-be42-4975-8487-a81178eefedb}</UniqueIdentifier>
    </Filter>
    <Filter Include="Core">
      <UniqueIdentifier>{2e91155d-45a4-4335-88f7-9d446048752a}</UniqueIdentifier>
    </Filter>
    <Filter Include="Title">
      <UniqueIdentifier>{396d860a-486f-435f-bede-0da63d668719}</UniqueIdentifier>
    </Filter>
    <Filter Include="Shop\Merchandise">
      <UniqueIdentifier>{cc555855-7f25-4ba5-9ece-264522235c10}</UniqueIdentifier>
    </Filter>
  </ItemGroup>
</Project>