<?xml version="1.0" encoding="utf-8"?>
<Project ToolsVersion="4.0" xmlns="http://schemas.microsoft.com/developer/msbuild/2003">
  <ItemGroup>
    <ClCompile Include="TitleGameMode.cpp">
      <Filter>GameMode</Filter>
    </ClCompile>
    <ClCompile Include="PreCompile.cpp">
      <Filter>PreCompile</Filter>
    </ClCompile>
    <ClCompile Include="ShopGameMode.cpp">
      <Filter>GameMode</Filter>
    </ClCompile>
    <ClCompile Include="Cursor.cpp">
      <Filter>Global</Filter>
    </ClCompile>
    <ClCompile Include="Bob.cpp">
      <Filter>Global</Filter>
    </ClCompile>
    <ClCompile Include="UI.cpp">
      <Filter>Global</Filter>
    </ClCompile>
    <ClCompile Include="Customer.cpp">
      <Filter>Shop</Filter>
    </ClCompile>
    <ClCompile Include="CalculatorButton.cpp">
      <Filter>Shop\Calculator</Filter>
    </ClCompile>
    <ClCompile Include="Calculator.cpp">
      <Filter>Shop\Calculator</Filter>
    </ClCompile>
    <ClCompile Include="ItemShelf.cpp">
      <Filter>Shop\Tools</Filter>
    </ClCompile>
    <ClCompile Include="ContentsCore.cpp">
      <Filter>Core</Filter>
    </ClCompile>
    <ClCompile Include="Logo.cpp">
      <Filter>Title</Filter>
    </ClCompile>
    <ClCompile Include="Tools.cpp">
      <Filter>Shop\Tools</Filter>
    </ClCompile>
    <ClCompile Include="SelectedTool.cpp">
      <Filter>Shop\Tools</Filter>
    </ClCompile>
    <ClCompile Include="Merchandise.cpp">
      <Filter>Shop\Merchandise</Filter>
    </ClCompile>
    <ClCompile Include="Book.cpp">
      <Filter>Shop\Book</Filter>
    </ClCompile>
    <ClCompile Include="BookButton.cpp">
      <Filter>Shop\Book</Filter>
    </ClCompile>
    <ClCompile Include="BookSmall.cpp">
      <Filter>Shop\Book</Filter>
    </ClCompile>
    <ClCompile Include="BookPageInfo.cpp">
      <Filter>Shop\Book</Filter>
    </ClCompile>
    <ClCompile Include="SelectedCard.cpp">
      <Filter>Shop\Card</Filter>
    </ClCompile>
    <ClCompile Include="CardInfo.cpp">
      <Filter>Shop\Card</Filter>
    </ClCompile>
    <ClCompile Include="CardSlot.cpp">
      <Filter>Shop\Card</Filter>
    </ClCompile>
    <ClCompile Include="MerchandiseInfo.cpp">
      <Filter>Shop\Merchandise</Filter>
    </ClCompile>
    <ClCompile Include="ShopHUD.cpp">
      <Filter>HUD</Filter>
    </ClCompile>
    <ClCompile Include="TitleHUD.cpp">
      <Filter>HUD</Filter>
    </ClCompile>
    <ClCompile Include="Card.cpp">
      <Filter>Shop\Card</Filter>
    </ClCompile>
  </ItemGroup>
  <ItemGroup>
    <ClInclude Include="TitleGameMode.h">
      <Filter>GameMode</Filter>
    </ClInclude>
    <ClInclude Include="PreCompile.h">
      <Filter>PreCompile</Filter>
    </ClInclude>
    <ClInclude Include="ShopGameMode.h">
      <Filter>GameMode</Filter>
    </ClInclude>
    <ClInclude Include="Cursor.h">
      <Filter>Global</Filter>
    </ClInclude>
    <ClInclude Include="Bob.h">
      <Filter>Global</Filter>
    </ClInclude>
    <ClInclude Include="UI.h">
      <Filter>Global</Filter>
    </ClInclude>
    <ClInclude Include="Customer.h">
      <Filter>Shop</Filter>
    </ClInclude>
    <ClInclude Include="CalculatorButton.h">
      <Filter>Shop\Calculator</Filter>
    </ClInclude>
    <ClInclude Include="Calculator.h">
      <Filter>Shop\Calculator</Filter>
    </ClInclude>
    <ClInclude Include="ItemShelf.h">
      <Filter>Shop\Tools</Filter>
    </ClInclude>
    <ClInclude Include="ContentsCore.h">
      <Filter>Core</Filter>
    </ClInclude>
    <ClInclude Include="Logo.h">
      <Filter>Title</Filter>
    </ClInclude>
    <ClInclude Include="Tools.h">
      <Filter>Shop\Tools</Filter>
    </ClInclude>
    <ClInclude Include="SelectedTool.h">
      <Filter>Shop\Tools</Filter>
    </ClInclude>
    <ClInclude Include="Merchandise.h">
      <Filter>Shop\Merchandise</Filter>
    </ClInclude>
    <ClInclude Include="Book.h">
      <Filter>Shop\Book</Filter>
    </ClInclude>
    <ClInclude Include="BookButton.h">
      <Filter>Shop\Book</Filter>
    </ClInclude>
    <ClInclude Include="BookSmall.h">
      <Filter>Shop\Book</Filter>
    </ClInclude>
    <ClInclude Include="BookPageInfo.h">
      <Filter>Shop\Book</Filter>
    </ClInclude>
    <ClInclude Include="SelectedCard.h">
      <Filter>Shop\Card</Filter>
    </ClInclude>
    <ClInclude Include="CardInfo.h">
      <Filter>Shop\Card</Filter>
    </ClInclude>
    <ClInclude Include="ContentsEnums.h">
      <Filter>Enum</Filter>
    </ClInclude>
    <ClInclude Include="CardSlot.h">
      <Filter>Shop\Card</Filter>
    </ClInclude>
    <ClInclude Include="MerchandiseInfo.h">
      <Filter>Shop\Merchandise</Filter>
    </ClInclude>
    <ClInclude Include="ShopHUD.h">
      <Filter>HUD</Filter>
    </ClInclude>
    <ClInclude Include="TitleHUD.h">
      <Filter>HUD</Filter>
    </ClInclude>
    <ClInclude Include="Card.h">
      <Filter>Shop\Card</Filter>
    </ClInclude>
  </ItemGroup>
  <ItemGroup>
    <Filter Include="GameMode">
      <UniqueIdentifier>{a9afe123-88f0-4a9d-aa54-14a219691500}</UniqueIdentifier>
    </Filter>
    <Filter Include="PreCompile">
      <UniqueIdentifier>{b33e8f89-8865-45a0-862d-54bad21b7666}</UniqueIdentifier>
    </Filter>
    <Filter Include="Global">
      <UniqueIdentifier>{16754af6-102f-4850-ad63-fb00b697efaf}</UniqueIdentifier>
    </Filter>
    <Filter Include="Shop">
      <UniqueIdentifier>{5faf8ea2-b35a-4e05-8835-89e9442a1213}</UniqueIdentifier>
    </Filter>
    <Filter Include="Shop\Calculator">
      <UniqueIdentifier>{0906e724-4532-4bfe-aa05-4fb3e97c784c}</UniqueIdentifier>
    </Filter>
    <Filter Include="Shop\Tools">
      <UniqueIdentifier>{98327bd7-be42-4975-8487-a81178eefedb}</UniqueIdentifier>
    </Filter>
    <Filter Include="Core">
      <UniqueIdentifier>{2e91155d-45a4-4335-88f7-9d446048752a}</UniqueIdentifier>
    </Filter>
    <Filter Include="Title">
      <UniqueIdentifier>{396d860a-486f-435f-bede-0da63d668719}</UniqueIdentifier>
    </Filter>
    <Filter Include="Shop\Merchandise">
      <UniqueIdentifier>{cc555855-7f25-4ba5-9ece-264522235c10}</UniqueIdentifier>
    </Filter>
    <Filter Include="Shop\Book">
      <UniqueIdentifier>{f463bfab-d37c-4694-8e01-7bb01456e25b}</UniqueIdentifier>
    </Filter>
    <Filter Include="Shop\Card">
      <UniqueIdentifier>{17f53501-7043-42b5-9104-2f1c751b3f04}</UniqueIdentifier>
    </Filter>
    <Filter Include="Enum">
      <UniqueIdentifier>{2a01b87c-3550-4e31-94d2-b3e696104afc}</UniqueIdentifier>
    </Filter>
    <Filter Include="HUD">
      <UniqueIdentifier>{42c448bd-abbf-4b35-bd39-50effe25e956}</UniqueIdentifier>
    </Filter>
  </ItemGroup>
</Project>