<?xml version="1.0" encoding="utf-8"?>
<Project ToolsVersion="4.0" xmlns="http://schemas.microsoft.com/developer/msbuild/2003">
  <ItemGroup>
    <ClInclude Include="Player.h" />
    <ClInclude Include="PreCompile.h" />
    <ClInclude Include="ContentsCore.h" />
    <ClInclude Include="Logo.h" />
    <ClInclude Include="TitleGameMode.h">
      <Filter>GameMode</Filter>
    </ClInclude>
  </ItemGroup>
  <ItemGroup>
    <ClCompile Include="Player.cpp" />
    <ClCompile Include="PreCompile.cpp" />
    <ClCompile Include="ContentsCore.cpp" />
    <ClCompile Include="Logo.cpp" />
    <ClCompile Include="TitleGameMode.cpp">
      <Filter>GameMode</Filter>
    </ClCompile>
  </ItemGroup>
  <ItemGroup>
    <Filter Include="GameMode">
      <UniqueIdentifier>{a21eb7da-5ca7-41fa-8cbf-388ec503a446}</UniqueIdentifier>
    </Filter>
  </ItemGroup>
</Project>